
Microsoft Visual Studio Solution File, Format Version 12.00
# Visual Studio Version 17
VisualStudioVersion = 17.14.36203.30 d17.14
MinimumVisualStudioVersion = 10.0.40219.1
Project("{FAE04EC0-301F-11D3-BF4B-00C04F79EFBC}") = "CSharpCore", "CSharpCore.csproj", "{D5807D01-5897-4EC2-A62F-5CB53AE6106F}"
EndProject
Global
	GlobalSection(SolutionConfigurationPlatforms) = preSolution
		Debug|Any CPU = Debug|Any CPU
		Release|Any CPU = Release|Any CPU
	EndGlobalSection
	GlobalSection(ProjectConfigurationPlatforms) = postSolution
		{D5807D01-5897-4EC2-A62F-5CB53AE6106F}.Debug|Any CPU.ActiveCfg = Debug|Any CPU
		{D5807D01-5897-4EC2-A62F-5CB53AE6106F}.Debug|Any CPU.Build.0 = Debug|Any CPU
		{D5807D01-5897-4EC2-A62F-5CB53AE6106F}.Release|Any CPU.ActiveCfg = Release|Any CPU
		{D5807D01-5897-4EC2-A62F-5CB53AE6106F}.Release|Any CPU.Build.0 = Release|Any CPU
	EndGlobalSection
	GlobalSection(SolutionProperties) = preSolution
		HideSolutionNode = FALSE
	EndGlobalSection
	GlobalSection(ExtensibilityGlobals) = postSolution
		SolutionGuid = {56B795FA-857E-48C4-8078-C971315822DC}
	EndGlobalSection
EndGlobal
